
Microsoft Visual Studio Solution File, Format Version 12.00
# Visual Studio Version 17
VisualStudioVersion = 17.9.34310.174
MinimumVisualStudioVersion = 10.0.40219.1
Project("{FAE04EC0-301F-11D3-BF4B-00C04F79EFBC}") = "PersonTrackApi", "PersonTrackApi\PersonTrackApi.csproj", "{8DFB3837-BB68-47E3-BD1E-5B0ED5C9C858}"
EndProject
Project("{2150E333-8FDC-42A3-9474-1A3956D46DE8}") = "EventBus", "EventBus", "{A88F783D-B665-44A2-9536-48C12567F6EE}"
EndProject
Project("{FAE04EC0-301F-11D3-BF4B-00C04F79EFBC}") = "RabbitMQEventBus", "RabbitMQEventBus\RabbitMQEventBus.csproj", "{F4CDB502-58D6-4D75-BE1F-C4437E2A6010}"
EndProject
Global
	GlobalSection(SolutionConfigurationPlatforms) = preSolution
		Debug|Any CPU = Debug|Any CPU
		Release|Any CPU = Release|Any CPU
	EndGlobalSection
	GlobalSection(ProjectConfigurationPlatforms) = postSolution
		{8DFB3837-BB68-47E3-BD1E-5B0ED5C9C858}.Debug|Any CPU.ActiveCfg = Debug|Any CPU
		{8DFB3837-BB68-47E3-BD1E-5B0ED5C9C858}.Debug|Any CPU.Build.0 = Debug|Any CPU
		{8DFB3837-BB68-47E3-BD1E-5B0ED5C9C858}.Release|Any CPU.ActiveCfg = Release|Any CPU
		{8DFB3837-BB68-47E3-BD1E-5B0ED5C9C858}.Release|Any CPU.Build.0 = Release|Any CPU
		{F4CDB502-58D6-4D75-BE1F-C4437E2A6010}.Debug|Any CPU.ActiveCfg = Debug|Any CPU
		{F4CDB502-58D6-4D75-BE1F-C4437E2A6010}.Debug|Any CPU.Build.0 = Debug|Any CPU
		{F4CDB502-58D6-4D75-BE1F-C4437E2A6010}.Release|Any CPU.ActiveCfg = Release|Any CPU
		{F4CDB502-58D6-4D75-BE1F-C4437E2A6010}.Release|Any CPU.Build.0 = Release|Any CPU
	EndGlobalSection
	GlobalSection(SolutionProperties) = preSolution
		HideSolutionNode = FALSE
	EndGlobalSection
	GlobalSection(NestedProjects) = preSolution
		{F4CDB502-58D6-4D75-BE1F-C4437E2A6010} = {A88F783D-B665-44A2-9536-48C12567F6EE}
	EndGlobalSection
	GlobalSection(ExtensibilityGlobals) = postSolution
		SolutionGuid = {6645F5BF-4843-4D4B-A747-4665FBF8300C}
	EndGlobalSection
EndGlobal
